// !$*UTF8*$!
{
	archiveVersion = 1;
	classes = {
	};
	objectVersion = 56;
	objects = {

/* Begin PBXBuildFile section */
		273B6F6B2C214EB800A64CA0 /* AppDelegate.swift in Sources */ = {isa = PBXBuildFile; fileRef = 273B6F6A2C214EB800A64CA0 /* AppDelegate.swift */; };
		273B6F712C214EB800A64CA0 /* GameScene.swift in Sources */ = {isa = PBXBuildFile; fileRef = 273B6F702C214EB800A64CA0 /* GameScene.swift */; };
		273B6F732C214EB800A64CA0 /* ViewController.swift in Sources */ = {isa = PBXBuildFile; fileRef = 273B6F722C214EB800A64CA0 /* ViewController.swift */; };
		273B6F752C214EB900A64CA0 /* Assets.xcassets in Resources */ = {isa = PBXBuildFile; fileRef = 273B6F742C214EB900A64CA0 /* Assets.xcassets */; };
		273B6F782C214EB900A64CA0 /* Base in Resources */ = {isa = PBXBuildFile; fileRef = 273B6F772C214EB900A64CA0 /* Base */; };
		273B6F912C215B0C00A64CA0 /* SpriteKitHelper.swift in Sources */ = {isa = PBXBuildFile; fileRef = 273B6F902C215B0C00A64CA0 /* SpriteKitHelper.swift */; };
		273B6F972C217E6D00A64CA0 /* Gendut.swift in Sources */ = {isa = PBXBuildFile; fileRef = 273B6F962C217E6D00A64CA0 /* Gendut.swift */; };
		273B6F992C217E7300A64CA0 /* Kecil.swift in Sources */ = {isa = PBXBuildFile; fileRef = 273B6F982C217E7300A64CA0 /* Kecil.swift */; };
		273B712B2C2297FC00A64CA0 /* Tower.swift in Sources */ = {isa = PBXBuildFile; fileRef = 273B712A2C2297FC00A64CA0 /* Tower.swift */; };
		273B71372C22B21500A64CA0 /* GameScenePhysicsDelegate.swift in Sources */ = {isa = PBXBuildFile; fileRef = 273B71362C22B21500A64CA0 /* GameScenePhysicsDelegate.swift */; };
		273B71442C28414300A64CA0 /* TowerProgressBar.swift in Sources */ = {isa = PBXBuildFile; fileRef = 273B71432C28414300A64CA0 /* TowerProgressBar.swift */; };
		B5AFD1442C286EDC006715F8 /* GameScene31.swift in Sources */ = {isa = PBXBuildFile; fileRef = B5AFD1432C286EDC006715F8 /* GameScene31.swift */; };
		B5AFD1462C286F1B006715F8 /* MenuScene.swift in Sources */ = {isa = PBXBuildFile; fileRef = B5AFD1452C286F1B006715F8 /* MenuScene.swift */; };
		B5AFD1482C2917B7006715F8 /* Handler.swift in Sources */ = {isa = PBXBuildFile; fileRef = B5AFD1472C2917B7006715F8 /* Handler.swift */; };
		B5AFD14A2C2AA561006715F8 /* Bos.swift in Sources */ = {isa = PBXBuildFile; fileRef = B5AFD1492C2AA561006715F8 /* Bos.swift */; };
		B5AFD14C2C2AB855006715F8 /* HpProgressBar.swift in Sources */ = {isa = PBXBuildFile; fileRef = B5AFD14B2C2AB855006715F8 /* HpProgressBar.swift */; };
		B5AFD14E2C2AC47C006715F8 /* GedeProjectile.swift in Sources */ = {isa = PBXBuildFile; fileRef = B5AFD14D2C2AC47C006715F8 /* GedeProjectile.swift */; };
		B5AFD1502C2B0C77006715F8 /* Monster.swift in Sources */ = {isa = PBXBuildFile; fileRef = B5AFD14F2C2B0C77006715F8 /* Monster.swift */; };
		B5AFD1522C2BB964006715F8 /* GameOverScene.swift in Sources */ = {isa = PBXBuildFile; fileRef = B5AFD1512C2BB964006715F8 /* GameOverScene.swift */; };
		B5AFD1542C2BCF9F006715F8 /* PauseMenuScene.swift in Sources */ = {isa = PBXBuildFile; fileRef = B5AFD1532C2BCF9F006715F8 /* PauseMenuScene.swift */; };
		B5AFD1562C2BD5C8006715F8 /* Intro.swift in Sources */ = {isa = PBXBuildFile; fileRef = B5AFD1552C2BD5C8006715F8 /* Intro.swift */; };
		B5AFD1582C2BDF82006715F8 /* ChooseCharacterScene.swift in Sources */ = {isa = PBXBuildFile; fileRef = B5AFD1572C2BDF82006715F8 /* ChooseCharacterScene.swift */; };
		B5AFD15A2C2BF773006715F8 /* KecilProjectile.swift in Sources */ = {isa = PBXBuildFile; fileRef = B5AFD1592C2BF773006715F8 /* KecilProjectile.swift */; };
/* End PBXBuildFile section */

/* Begin PBXFileReference section */
		273B6F672C214EB800A64CA0 /* LevelOneMini2.app */ = {isa = PBXFileReference; explicitFileType = wrapper.application; includeInIndex = 0; path = LevelOneMini2.app; sourceTree = BUILT_PRODUCTS_DIR; };
		273B6F6A2C214EB800A64CA0 /* AppDelegate.swift */ = {isa = PBXFileReference; lastKnownFileType = sourcecode.swift; path = AppDelegate.swift; sourceTree = "<group>"; };
		273B6F702C214EB800A64CA0 /* GameScene.swift */ = {isa = PBXFileReference; lastKnownFileType = sourcecode.swift; path = GameScene.swift; sourceTree = "<group>"; };
		273B6F722C214EB800A64CA0 /* ViewController.swift */ = {isa = PBXFileReference; lastKnownFileType = sourcecode.swift; path = ViewController.swift; sourceTree = "<group>"; };
		273B6F742C214EB900A64CA0 /* Assets.xcassets */ = {isa = PBXFileReference; lastKnownFileType = folder.assetcatalog; path = Assets.xcassets; sourceTree = "<group>"; };
		273B6F772C214EB900A64CA0 /* Base */ = {isa = PBXFileReference; lastKnownFileType = file.storyboard; name = Base; path = Base.lproj/Main.storyboard; sourceTree = "<group>"; };
		273B6F792C214EB900A64CA0 /* LevelOneMini2.entitlements */ = {isa = PBXFileReference; lastKnownFileType = text.plist.entitlements; path = LevelOneMini2.entitlements; sourceTree = "<group>"; };
		273B6F902C215B0C00A64CA0 /* SpriteKitHelper.swift */ = {isa = PBXFileReference; lastKnownFileType = sourcecode.swift; path = SpriteKitHelper.swift; sourceTree = "<group>"; };
		273B6F962C217E6D00A64CA0 /* Gendut.swift */ = {isa = PBXFileReference; lastKnownFileType = sourcecode.swift; path = Gendut.swift; sourceTree = "<group>"; };
		273B6F982C217E7300A64CA0 /* Kecil.swift */ = {isa = PBXFileReference; lastKnownFileType = sourcecode.swift; path = Kecil.swift; sourceTree = "<group>"; };
		273B712A2C2297FC00A64CA0 /* Tower.swift */ = {isa = PBXFileReference; lastKnownFileType = sourcecode.swift; path = Tower.swift; sourceTree = "<group>"; };
		273B71362C22B21500A64CA0 /* GameScenePhysicsDelegate.swift */ = {isa = PBXFileReference; lastKnownFileType = sourcecode.swift; path = GameScenePhysicsDelegate.swift; sourceTree = "<group>"; };
		273B71432C28414300A64CA0 /* TowerProgressBar.swift */ = {isa = PBXFileReference; lastKnownFileType = sourcecode.swift; path = TowerProgressBar.swift; sourceTree = "<group>"; };
		B5AFD1432C286EDC006715F8 /* GameScene31.swift */ = {isa = PBXFileReference; lastKnownFileType = sourcecode.swift; path = GameScene31.swift; sourceTree = "<group>"; };
		B5AFD1452C286F1B006715F8 /* MenuScene.swift */ = {isa = PBXFileReference; lastKnownFileType = sourcecode.swift; path = MenuScene.swift; sourceTree = "<group>"; };
		B5AFD1472C2917B7006715F8 /* Handler.swift */ = {isa = PBXFileReference; lastKnownFileType = sourcecode.swift; path = Handler.swift; sourceTree = "<group>"; };
		B5AFD1492C2AA561006715F8 /* Bos.swift */ = {isa = PBXFileReference; lastKnownFileType = sourcecode.swift; path = Bos.swift; sourceTree = "<group>"; };
		B5AFD14B2C2AB855006715F8 /* HpProgressBar.swift */ = {isa = PBXFileReference; lastKnownFileType = sourcecode.swift; path = HpProgressBar.swift; sourceTree = "<group>"; };
		B5AFD14D2C2AC47C006715F8 /* GedeProjectile.swift */ = {isa = PBXFileReference; lastKnownFileType = sourcecode.swift; path = GedeProjectile.swift; sourceTree = "<group>"; };
		B5AFD14F2C2B0C77006715F8 /* Monster.swift */ = {isa = PBXFileReference; lastKnownFileType = sourcecode.swift; path = Monster.swift; sourceTree = "<group>"; };
		B5AFD1512C2BB964006715F8 /* GameOverScene.swift */ = {isa = PBXFileReference; lastKnownFileType = sourcecode.swift; path = GameOverScene.swift; sourceTree = "<group>"; };
		B5AFD1532C2BCF9F006715F8 /* PauseMenuScene.swift */ = {isa = PBXFileReference; lastKnownFileType = sourcecode.swift; path = PauseMenuScene.swift; sourceTree = "<group>"; };
		B5AFD1552C2BD5C8006715F8 /* Intro.swift */ = {isa = PBXFileReference; lastKnownFileType = sourcecode.swift; path = Intro.swift; sourceTree = "<group>"; };
		B5AFD1572C2BDF82006715F8 /* ChooseCharacterScene.swift */ = {isa = PBXFileReference; lastKnownFileType = sourcecode.swift; path = ChooseCharacterScene.swift; sourceTree = "<group>"; };
		B5AFD1592C2BF773006715F8 /* KecilProjectile.swift */ = {isa = PBXFileReference; lastKnownFileType = sourcecode.swift; path = KecilProjectile.swift; sourceTree = "<group>"; };
/* End PBXFileReference section */

/* Begin PBXFrameworksBuildPhase section */
		273B6F642C214EB800A64CA0 /* Frameworks */ = {
			isa = PBXFrameworksBuildPhase;
			buildActionMask = 2147483647;
			files = (
			);
			runOnlyForDeploymentPostprocessing = 0;
		};
/* End PBXFrameworksBuildPhase section */

/* Begin PBXGroup section */
		273B6F5E2C214EB800A64CA0 = {
			isa = PBXGroup;
			children = (
				273B6F692C214EB800A64CA0 /* LevelOneMini2 */,
				273B6F682C214EB800A64CA0 /* Products */,
			);
			sourceTree = "<group>";
		};
		273B6F682C214EB800A64CA0 /* Products */ = {
			isa = PBXGroup;
			children = (
				273B6F672C214EB800A64CA0 /* LevelOneMini2.app */,
			);
			name = Products;
			sourceTree = "<group>";
		};
		273B6F692C214EB800A64CA0 /* LevelOneMini2 */ = {
			isa = PBXGroup;
			children = (
				273B6F6A2C214EB800A64CA0 /* AppDelegate.swift */,
				B5AFD1452C286F1B006715F8 /* MenuScene.swift */,
				273B71422C2703B400A64CA0 /* Level1 */,
				B5AFD1422C286473006715F8 /* Level3.1 */,
				273B6F742C214EB900A64CA0 /* Assets.xcassets */,
				273B6F762C214EB900A64CA0 /* Main.storyboard */,
				273B6F792C214EB900A64CA0 /* LevelOneMini2.entitlements */,
			);
			path = LevelOneMini2;
			sourceTree = "<group>";
		};
		273B6F9A2C217E7B00A64CA0 /* MainChar */ = {
			isa = PBXGroup;
			children = (
				B5AFD14D2C2AC47C006715F8 /* GedeProjectile.swift */,
				273B6F962C217E6D00A64CA0 /* Gendut.swift */,
				273B6F982C217E7300A64CA0 /* Kecil.swift */,
				B5AFD1492C2AA561006715F8 /* Bos.swift */,
				B5AFD14F2C2B0C77006715F8 /* Monster.swift */,
				B5AFD1592C2BF773006715F8 /* KecilProjectile.swift */,
			);
			path = MainChar;
			sourceTree = "<group>";
		};
		273B71422C2703B400A64CA0 /* Level1 */ = {
			isa = PBXGroup;
			children = (
				B5AFD1572C2BDF82006715F8 /* ChooseCharacterScene.swift */,
				B5AFD1552C2BD5C8006715F8 /* Intro.swift */,
				B5AFD1532C2BCF9F006715F8 /* PauseMenuScene.swift */,
				273B6F902C215B0C00A64CA0 /* SpriteKitHelper.swift */,
				273B6F722C214EB800A64CA0 /* ViewController.swift */,
				273B6F702C214EB800A64CA0 /* GameScene.swift */,
				273B71362C22B21500A64CA0 /* GameScenePhysicsDelegate.swift */,
				B5AFD1432C286EDC006715F8 /* GameScene31.swift */,
				B5AFD1512C2BB964006715F8 /* GameOverScene.swift */,
				B5AFD1472C2917B7006715F8 /* Handler.swift */,
				273B712A2C2297FC00A64CA0 /* Tower.swift */,
				273B71432C28414300A64CA0 /* TowerProgressBar.swift */,
				B5AFD14B2C2AB855006715F8 /* HpProgressBar.swift */,
				273B6F9A2C217E7B00A64CA0 /* MainChar */,
			);
			path = Level1;
			sourceTree = "<group>";
		};
		B5AFD1422C286473006715F8 /* Level3.1 */ = {
			isa = PBXGroup;
			children = (
			);
			path = Level3.1;
			sourceTree = "<group>";
		};
/* End PBXGroup section */

/* Begin PBXNativeTarget section */
		273B6F662C214EB800A64CA0 /* LevelOneMini2 */ = {
			isa = PBXNativeTarget;
			buildConfigurationList = 273B6F7C2C214EB900A64CA0 /* Build configuration list for PBXNativeTarget "LevelOneMini2" */;
			buildPhases = (
				273B6F632C214EB800A64CA0 /* Sources */,
				273B6F642C214EB800A64CA0 /* Frameworks */,
				273B6F652C214EB800A64CA0 /* Resources */,
			);
			buildRules = (
			);
			dependencies = (
			);
			name = LevelOneMini2;
			productName = LevelOneMini2;
			productReference = 273B6F672C214EB800A64CA0 /* LevelOneMini2.app */;
			productType = "com.apple.product-type.application";
		};
/* End PBXNativeTarget section */

/* Begin PBXProject section */
		273B6F5F2C214EB800A64CA0 /* Project object */ = {
			isa = PBXProject;
			attributes = {
				BuildIndependentTargetsInParallel = 1;
				LastSwiftUpdateCheck = 1530;
				LastUpgradeCheck = 1530;
				TargetAttributes = {
					273B6F662C214EB800A64CA0 = {
						CreatedOnToolsVersion = 15.3;
					};
				};
			};
			buildConfigurationList = 273B6F622C214EB800A64CA0 /* Build configuration list for PBXProject "LevelOneMini2" */;
			compatibilityVersion = "Xcode 14.0";
			developmentRegion = en;
			hasScannedForEncodings = 0;
			knownRegions = (
				en,
				Base,
			);
			mainGroup = 273B6F5E2C214EB800A64CA0;
			productRefGroup = 273B6F682C214EB800A64CA0 /* Products */;
			projectDirPath = "";
			projectRoot = "";
			targets = (
				273B6F662C214EB800A64CA0 /* LevelOneMini2 */,
			);
		};
/* End PBXProject section */

/* Begin PBXResourcesBuildPhase section */
		273B6F652C214EB800A64CA0 /* Resources */ = {
			isa = PBXResourcesBuildPhase;
			buildActionMask = 2147483647;
			files = (
				273B6F752C214EB900A64CA0 /* Assets.xcassets in Resources */,
				273B6F782C214EB900A64CA0 /* Base in Resources */,
			);
			runOnlyForDeploymentPostprocessing = 0;
		};
/* End PBXResourcesBuildPhase section */

/* Begin PBXSourcesBuildPhase section */
		273B6F632C214EB800A64CA0 /* Sources */ = {
			isa = PBXSourcesBuildPhase;
			buildActionMask = 2147483647;
			files = (
				B5AFD1502C2B0C77006715F8 /* Monster.swift in Sources */,
				273B6F992C217E7300A64CA0 /* Kecil.swift in Sources */,
				B5AFD14A2C2AA561006715F8 /* Bos.swift in Sources */,
				B5AFD1442C286EDC006715F8 /* GameScene31.swift in Sources */,
				B5AFD1542C2BCF9F006715F8 /* PauseMenuScene.swift in Sources */,
				B5AFD1462C286F1B006715F8 /* MenuScene.swift in Sources */,
				B5AFD1522C2BB964006715F8 /* GameOverScene.swift in Sources */,
				B5AFD1562C2BD5C8006715F8 /* Intro.swift in Sources */,
				273B6F732C214EB800A64CA0 /* ViewController.swift in Sources */,
				B5AFD1582C2BDF82006715F8 /* ChooseCharacterScene.swift in Sources */,
				273B6F712C214EB800A64CA0 /* GameScene.swift in Sources */,
				273B712B2C2297FC00A64CA0 /* Tower.swift in Sources */,
				B5AFD1482C2917B7006715F8 /* Handler.swift in Sources */,
				273B71442C28414300A64CA0 /* TowerProgressBar.swift in Sources */,
				273B6F972C217E6D00A64CA0 /* Gendut.swift in Sources */,
				B5AFD14C2C2AB855006715F8 /* HpProgressBar.swift in Sources */,
				B5AFD15A2C2BF773006715F8 /* KecilProjectile.swift in Sources */,
				B5AFD14E2C2AC47C006715F8 /* GedeProjectile.swift in Sources */,
				273B6F6B2C214EB800A64CA0 /* AppDelegate.swift in Sources */,
				273B6F912C215B0C00A64CA0 /* SpriteKitHelper.swift in Sources */,
				273B71372C22B21500A64CA0 /* GameScenePhysicsDelegate.swift in Sources */,
			);
			runOnlyForDeploymentPostprocessing = 0;
		};
/* End PBXSourcesBuildPhase section */

/* Begin PBXVariantGroup section */
		273B6F762C214EB900A64CA0 /* Main.storyboard */ = {
			isa = PBXVariantGroup;
			children = (
				273B6F772C214EB900A64CA0 /* Base */,
			);
			name = Main.storyboard;
			sourceTree = "<group>";
		};
/* End PBXVariantGroup section */

/* Begin XCBuildConfiguration section */
		273B6F7A2C214EB900A64CA0 /* Debug */ = {
			isa = XCBuildConfiguration;
			buildSettings = {
				ALWAYS_SEARCH_USER_PATHS = NO;
				ASSETCATALOG_COMPILER_GENERATE_SWIFT_ASSET_SYMBOL_EXTENSIONS = YES;
				CLANG_ANALYZER_NONNULL = YES;
				CLANG_ANALYZER_NUMBER_OBJECT_CONVERSION = YES_AGGRESSIVE;
				CLANG_CXX_LANGUAGE_STANDARD = "gnu++20";
				CLANG_ENABLE_MODULES = YES;
				CLANG_ENABLE_OBJC_ARC = YES;
				CLANG_ENABLE_OBJC_WEAK = YES;
				CLANG_WARN_BLOCK_CAPTURE_AUTORELEASING = YES;
				CLANG_WARN_BOOL_CONVERSION = YES;
				CLANG_WARN_COMMA = YES;
				CLANG_WARN_CONSTANT_CONVERSION = YES;
				CLANG_WARN_DEPRECATED_OBJC_IMPLEMENTATIONS = YES;
				CLANG_WARN_DIRECT_OBJC_ISA_USAGE = YES_ERROR;
				CLANG_WARN_DOCUMENTATION_COMMENTS = YES;
				CLANG_WARN_EMPTY_BODY = YES;
				CLANG_WARN_ENUM_CONVERSION = YES;
				CLANG_WARN_INFINITE_RECURSION = YES;
				CLANG_WARN_INT_CONVERSION = YES;
				CLANG_WARN_NON_LITERAL_NULL_CONVERSION = YES;
				CLANG_WARN_OBJC_IMPLICIT_RETAIN_SELF = YES;
				CLANG_WARN_OBJC_LITERAL_CONVERSION = YES;
				CLANG_WARN_OBJC_ROOT_CLASS = YES_ERROR;
				CLANG_WARN_QUOTED_INCLUDE_IN_FRAMEWORK_HEADER = YES;
				CLANG_WARN_RANGE_LOOP_ANALYSIS = YES;
				CLANG_WARN_STRICT_PROTOTYPES = YES;
				CLANG_WARN_SUSPICIOUS_MOVE = YES;
				CLANG_WARN_UNGUARDED_AVAILABILITY = YES_AGGRESSIVE;
				CLANG_WARN_UNREACHABLE_CODE = YES;
				CLANG_WARN__DUPLICATE_METHOD_MATCH = YES;
				COPY_PHASE_STRIP = NO;
				DEBUG_INFORMATION_FORMAT = dwarf;
				ENABLE_STRICT_OBJC_MSGSEND = YES;
				ENABLE_TESTABILITY = YES;
				ENABLE_USER_SCRIPT_SANDBOXING = YES;
				GCC_C_LANGUAGE_STANDARD = gnu17;
				GCC_DYNAMIC_NO_PIC = NO;
				GCC_NO_COMMON_BLOCKS = YES;
				GCC_OPTIMIZATION_LEVEL = 0;
				GCC_PREPROCESSOR_DEFINITIONS = (
					"DEBUG=1",
					"$(inherited)",
				);
				GCC_WARN_64_TO_32_BIT_CONVERSION = YES;
				GCC_WARN_ABOUT_RETURN_TYPE = YES_ERROR;
				GCC_WARN_UNDECLARED_SELECTOR = YES;
				GCC_WARN_UNINITIALIZED_AUTOS = YES_AGGRESSIVE;
				GCC_WARN_UNUSED_FUNCTION = YES;
				GCC_WARN_UNUSED_VARIABLE = YES;
				LOCALIZATION_PREFERS_STRING_CATALOGS = YES;
				MACOSX_DEPLOYMENT_TARGET = 14.4;
				MTL_ENABLE_DEBUG_INFO = INCLUDE_SOURCE;
				MTL_FAST_MATH = YES;
				ONLY_ACTIVE_ARCH = YES;
				SDKROOT = macosx;
				SWIFT_ACTIVE_COMPILATION_CONDITIONS = "DEBUG $(inherited)";
				SWIFT_OPTIMIZATION_LEVEL = "-Onone";
			};
			name = Debug;
		};
		273B6F7B2C214EB900A64CA0 /* Release */ = {
			isa = XCBuildConfiguration;
			buildSettings = {
				ALWAYS_SEARCH_USER_PATHS = NO;
				ASSETCATALOG_COMPILER_GENERATE_SWIFT_ASSET_SYMBOL_EXTENSIONS = YES;
				CLANG_ANALYZER_NONNULL = YES;
				CLANG_ANALYZER_NUMBER_OBJECT_CONVERSION = YES_AGGRESSIVE;
				CLANG_CXX_LANGUAGE_STANDARD = "gnu++20";
				CLANG_ENABLE_MODULES = YES;
				CLANG_ENABLE_OBJC_ARC = YES;
				CLANG_ENABLE_OBJC_WEAK = YES;
				CLANG_WARN_BLOCK_CAPTURE_AUTORELEASING = YES;
				CLANG_WARN_BOOL_CONVERSION = YES;
				CLANG_WARN_COMMA = YES;
				CLANG_WARN_CONSTANT_CONVERSION = YES;
				CLANG_WARN_DEPRECATED_OBJC_IMPLEMENTATIONS = YES;
				CLANG_WARN_DIRECT_OBJC_ISA_USAGE = YES_ERROR;
				CLANG_WARN_DOCUMENTATION_COMMENTS = YES;
				CLANG_WARN_EMPTY_BODY = YES;
				CLANG_WARN_ENUM_CONVERSION = YES;
				CLANG_WARN_INFINITE_RECURSION = YES;
				CLANG_WARN_INT_CONVERSION = YES;
				CLANG_WARN_NON_LITERAL_NULL_CONVERSION = YES;
				CLANG_WARN_OBJC_IMPLICIT_RETAIN_SELF = YES;
				CLANG_WARN_OBJC_LITERAL_CONVERSION = YES;
				CLANG_WARN_OBJC_ROOT_CLASS = YES_ERROR;
				CLANG_WARN_QUOTED_INCLUDE_IN_FRAMEWORK_HEADER = YES;
				CLANG_WARN_RANGE_LOOP_ANALYSIS = YES;
				CLANG_WARN_STRICT_PROTOTYPES = YES;
				CLANG_WARN_SUSPICIOUS_MOVE = YES;
				CLANG_WARN_UNGUARDED_AVAILABILITY = YES_AGGRESSIVE;
				CLANG_WARN_UNREACHABLE_CODE = YES;
				CLANG_WARN__DUPLICATE_METHOD_MATCH = YES;
				COPY_PHASE_STRIP = NO;
				DEBUG_INFORMATION_FORMAT = "dwarf-with-dsym";
				ENABLE_NS_ASSERTIONS = NO;
				ENABLE_STRICT_OBJC_MSGSEND = YES;
				ENABLE_USER_SCRIPT_SANDBOXING = YES;
				GCC_C_LANGUAGE_STANDARD = gnu17;
				GCC_NO_COMMON_BLOCKS = YES;
				GCC_WARN_64_TO_32_BIT_CONVERSION = YES;
				GCC_WARN_ABOUT_RETURN_TYPE = YES_ERROR;
				GCC_WARN_UNDECLARED_SELECTOR = YES;
				GCC_WARN_UNINITIALIZED_AUTOS = YES_AGGRESSIVE;
				GCC_WARN_UNUSED_FUNCTION = YES;
				GCC_WARN_UNUSED_VARIABLE = YES;
				LOCALIZATION_PREFERS_STRING_CATALOGS = YES;
				MACOSX_DEPLOYMENT_TARGET = 14.4;
				MTL_ENABLE_DEBUG_INFO = NO;
				MTL_FAST_MATH = YES;
				SDKROOT = macosx;
				SWIFT_COMPILATION_MODE = wholemodule;
			};
			name = Release;
		};
		273B6F7D2C214EB900A64CA0 /* Debug */ = {
			isa = XCBuildConfiguration;
			buildSettings = {
				ASSETCATALOG_COMPILER_APPICON_NAME = AppIcon;
				ASSETCATALOG_COMPILER_GLOBAL_ACCENT_COLOR_NAME = AccentColor;
				CODE_SIGN_ENTITLEMENTS = LevelOneMini2/LevelOneMini2.entitlements;
				CODE_SIGN_STYLE = Automatic;
				COMBINE_HIDPI_IMAGES = YES;
				CURRENT_PROJECT_VERSION = 1;
				DEVELOPMENT_TEAM = VNG2A57GP5;
				ENABLE_HARDENED_RUNTIME = YES;
				GENERATE_INFOPLIST_FILE = YES;
				INFOPLIST_KEY_NSHumanReadableCopyright = "";
				INFOPLIST_KEY_NSMainStoryboardFile = Main;
				INFOPLIST_KEY_NSPrincipalClass = NSApplication;
				LD_RUNPATH_SEARCH_PATHS = (
					"$(inherited)",
					"@executable_path/../Frameworks",
				);
				MACOSX_DEPLOYMENT_TARGET = 14.2;
				MARKETING_VERSION = 1.0;
				PRODUCT_BUNDLE_IDENTIFIER = com.goku.LevelOneMini2;
				PRODUCT_NAME = "$(TARGET_NAME)";
				SWIFT_EMIT_LOC_STRINGS = YES;
				SWIFT_VERSION = 5.0;
			};
			name = Debug;
		};
		273B6F7E2C214EB900A64CA0 /* Release */ = {
			isa = XCBuildConfiguration;
			buildSettings = {
				ASSETCATALOG_COMPILER_APPICON_NAME = AppIcon;
				ASSETCATALOG_COMPILER_GLOBAL_ACCENT_COLOR_NAME = AccentColor;
				CODE_SIGN_ENTITLEMENTS = LevelOneMini2/LevelOneMini2.entitlements;
				CODE_SIGN_STYLE = Automatic;
				COMBINE_HIDPI_IMAGES = YES;
				CURRENT_PROJECT_VERSION = 1;
				DEVELOPMENT_TEAM = VNG2A57GP5;
				ENABLE_HARDENED_RUNTIME = YES;
				GENERATE_INFOPLIST_FILE = YES;
				INFOPLIST_KEY_NSHumanReadableCopyright = "";
				INFOPLIST_KEY_NSMainStoryboardFile = Main;
				INFOPLIST_KEY_NSPrincipalClass = NSApplication;
				LD_RUNPATH_SEARCH_PATHS = (
					"$(inherited)",
					"@executable_path/../Frameworks",
				);
				MACOSX_DEPLOYMENT_TARGET = 14.2;
				MARKETING_VERSION = 1.0;
				PRODUCT_BUNDLE_IDENTIFIER = com.goku.LevelOneMini2;
				PRODUCT_NAME = "$(TARGET_NAME)";
				SWIFT_EMIT_LOC_STRINGS = YES;
				SWIFT_VERSION = 5.0;
			};
			name = Release;
		};
/* End XCBuildConfiguration section */

/* Begin XCConfigurationList section */
		273B6F622C214EB800A64CA0 /* Build configuration list for PBXProject "LevelOneMini2" */ = {
			isa = XCConfigurationList;
			buildConfigurations = (
				273B6F7A2C214EB900A64CA0 /* Debug */,
				273B6F7B2C214EB900A64CA0 /* Release */,
			);
			defaultConfigurationIsVisible = 0;
			defaultConfigurationName = Release;
		};
		273B6F7C2C214EB900A64CA0 /* Build configuration list for PBXNativeTarget "LevelOneMini2" */ = {
			isa = XCConfigurationList;
			buildConfigurations = (
				273B6F7D2C214EB900A64CA0 /* Debug */,
				273B6F7E2C214EB900A64CA0 /* Release */,
			);
			defaultConfigurationIsVisible = 0;
			defaultConfigurationName = Release;
		};
/* End XCConfigurationList section */
	};
	rootObject = 273B6F5F2C214EB800A64CA0 /* Project object */;
}
