// !$*UTF8*$!
{
	archiveVersion = 1;
	classes = {
	};
	objectVersion = 56;
	objects = {

/* Begin PBXBuildFile section */
		273B6F782C214EB900A64CA0 /* Base in Resources */ = {isa = PBXBuildFile; fileRef = 273B6F772C214EB900A64CA0 /* Base */; };
		F84553582C2A7DE5004D966A /* Minion.swift in Sources */ = {isa = PBXBuildFile; fileRef = F84553572C2A7DE4004D966A /* Minion.swift */; };
		F845535E2C2AB7F2004D966A /* AttackFromBos.swift in Sources */ = {isa = PBXBuildFile; fileRef = F845535D2C2AB7EF004D966A /* AttackFromBos.swift */; };
		F84553682C2B015E004D966A /* bg.mp3 in Resources */ = {isa = PBXBuildFile; fileRef = F84553672C2B015E004D966A /* bg.mp3 */; };
		F848446C2C286C2900BD64F4 /* Projectile.swift in Sources */ = {isa = PBXBuildFile; fileRef = F848446B2C286C2600BD64F4 /* Projectile.swift */; };
		F8678A5C2C291EC7002521C1 /* AttackManager.swift in Sources */ = {isa = PBXBuildFile; fileRef = F8678A5B2C291EBB002521C1 /* AttackManager.swift */; };
		F8A86B122C282195003C4282 /* Kecil.swift in Sources */ = {isa = PBXBuildFile; fileRef = F8A86B0D2C282195003C4282 /* Kecil.swift */; };
		F8A86B132C282195003C4282 /* GameScene.swift in Sources */ = {isa = PBXBuildFile; fileRef = F8A86B032C282195003C4282 /* GameScene.swift */; };
		F8A86B142C282195003C4282 /* OutOfBound.swift in Sources */ = {isa = PBXBuildFile; fileRef = F8A86B042C282195003C4282 /* OutOfBound.swift */; };
		F8A86B152C282195003C4282 /* SpriteKitHelper.swift in Sources */ = {isa = PBXBuildFile; fileRef = F8A86B0F2C282195003C4282 /* SpriteKitHelper.swift */; };
		F8A86B162C282195003C4282 /* Bos.swift in Sources */ = {isa = PBXBuildFile; fileRef = F8A86B0B2C282195003C4282 /* Bos.swift */; };
		F8A86B172C282195003C4282 /* Movement.swift in Sources */ = {isa = PBXBuildFile; fileRef = F8A86B052C282195003C4282 /* Movement.swift */; };
		F8A86B182C282195003C4282 /* ViewController.swift in Sources */ = {isa = PBXBuildFile; fileRef = F8A86B102C282195003C4282 /* ViewController.swift */; };
		F8A86B192C282195003C4282 /* Handler.swift in Sources */ = {isa = PBXBuildFile; fileRef = F8A86B062C282195003C4282 /* Handler.swift */; };
		F8A86B1A2C282195003C4282 /* Canon_Right.swift in Sources */ = {isa = PBXBuildFile; fileRef = F8A86B092C282195003C4282 /* Canon_Right.swift */; };
		F8A86B1B2C282195003C4282 /* AppDelegate.swift in Sources */ = {isa = PBXBuildFile; fileRef = F8A86B002C282195003C4282 /* AppDelegate.swift */; };
		F8A86B1C2C282195003C4282 /* GameScenePhysicsDelegate.swift in Sources */ = {isa = PBXBuildFile; fileRef = F8A86B072C282195003C4282 /* GameScenePhysicsDelegate.swift */; };
		F8A86B1D2C282195003C4282 /* MenuScene.swift in Sources */ = {isa = PBXBuildFile; fileRef = F8A86AFF2C282195003C4282 /* MenuScene.swift */; };
		F8A86B1E2C282195003C4282 /* Canon_Left.swift in Sources */ = {isa = PBXBuildFile; fileRef = F8A86B082C282195003C4282 /* Canon_Left.swift */; };
		F8A86B1F2C282195003C4282 /* Gendut.swift in Sources */ = {isa = PBXBuildFile; fileRef = F8A86B0C2C282195003C4282 /* Gendut.swift */; };
		F8A86B202C282195003C4282 /* GameScene.sks in Resources */ = {isa = PBXBuildFile; fileRef = F8A86B012C282195003C4282 /* GameScene.sks */; };
		F8A86B212C282195003C4282 /* Assets.xcassets in Resources */ = {isa = PBXBuildFile; fileRef = F8A86B112C282195003C4282 /* Assets.xcassets */; };
		F8A86B222C282195003C4282 /* Actions.sks in Resources */ = {isa = PBXBuildFile; fileRef = F8A86B022C282195003C4282 /* Actions.sks */; };
		F8C8218D2C2B195100A3137E /* DisplayTextManager.swift in Sources */ = {isa = PBXBuildFile; fileRef = F8C8218C2C2B194C00A3137E /* DisplayTextManager.swift */; };
		F8C8218F2C2B1A1100A3137E /* BackgroundManager.swift in Sources */ = {isa = PBXBuildFile; fileRef = F8C8218E2C2B1A0C00A3137E /* BackgroundManager.swift */; };
		F8C821912C2B1A6A00A3137E /* BossHpName.swift in Sources */ = {isa = PBXBuildFile; fileRef = F8C821902C2B1A6100A3137E /* BossHpName.swift */; };
		F8C8219A2C2B2EE900A3137E /* AudioManager.swift in Sources */ = {isa = PBXBuildFile; fileRef = F8C821992C2B2EE600A3137E /* AudioManager.swift */; };
		F8C8219C2C2B30FB00A3137E /* rock-falling-010-104938.mp3 in Resources */ = {isa = PBXBuildFile; fileRef = F8C8219B2C2B30FB00A3137E /* rock-falling-010-104938.mp3 */; };
		F8D58A942C2BACCE000F3AFA /* RestartManager.swift in Sources */ = {isa = PBXBuildFile; fileRef = F8D58A932C2BACCB000F3AFA /* RestartManager.swift */; };
		F8D58A962C2BC468000F3AFA /* Overlay.swift in Sources */ = {isa = PBXBuildFile; fileRef = F8D58A952C2BC45A000F3AFA /* Overlay.swift */; };
		F8D58A982C2BCA03000F3AFA /* CollectableItem.swift in Sources */ = {isa = PBXBuildFile; fileRef = F8D58A972C2BC9FC000F3AFA /* CollectableItem.swift */; };
		F8E7CE2E2C28319300FB8F74 /* HpProgressBar.swift in Sources */ = {isa = PBXBuildFile; fileRef = F8E7CE2D2C28318F00FB8F74 /* HpProgressBar.swift */; };
/* End PBXBuildFile section */

/* Begin PBXFileReference section */
		273B6F672C214EB800A64CA0 /* LevelOneMini2.app */ = {isa = PBXFileReference; explicitFileType = wrapper.application; includeInIndex = 0; path = LevelOneMini2.app; sourceTree = BUILT_PRODUCTS_DIR; };
		273B6F772C214EB900A64CA0 /* Base */ = {isa = PBXFileReference; lastKnownFileType = file.storyboard; name = Base; path = Base.lproj/Main.storyboard; sourceTree = "<group>"; };
		273B6F792C214EB900A64CA0 /* LevelOneMini2.entitlements */ = {isa = PBXFileReference; lastKnownFileType = text.plist.entitlements; path = LevelOneMini2.entitlements; sourceTree = "<group>"; };
		F84553572C2A7DE4004D966A /* Minion.swift */ = {isa = PBXFileReference; lastKnownFileType = sourcecode.swift; path = Minion.swift; sourceTree = "<group>"; };
		F845535D2C2AB7EF004D966A /* AttackFromBos.swift */ = {isa = PBXFileReference; lastKnownFileType = sourcecode.swift; path = AttackFromBos.swift; sourceTree = "<group>"; };
		F84553672C2B015E004D966A /* bg.mp3 */ = {isa = PBXFileReference; lastKnownFileType = audio.mp3; path = bg.mp3; sourceTree = "<group>"; };
		F848446B2C286C2600BD64F4 /* Projectile.swift */ = {isa = PBXFileReference; lastKnownFileType = sourcecode.swift; path = Projectile.swift; sourceTree = "<group>"; };
		F8678A5B2C291EBB002521C1 /* AttackManager.swift */ = {isa = PBXFileReference; lastKnownFileType = sourcecode.swift; path = AttackManager.swift; sourceTree = "<group>"; };
		F8A86AFF2C282195003C4282 /* MenuScene.swift */ = {isa = PBXFileReference; lastKnownFileType = sourcecode.swift; path = MenuScene.swift; sourceTree = "<group>"; };
		F8A86B002C282195003C4282 /* AppDelegate.swift */ = {isa = PBXFileReference; lastKnownFileType = sourcecode.swift; path = AppDelegate.swift; sourceTree = "<group>"; };
		F8A86B012C282195003C4282 /* GameScene.sks */ = {isa = PBXFileReference; lastKnownFileType = file.sks; path = GameScene.sks; sourceTree = "<group>"; };
		F8A86B022C282195003C4282 /* Actions.sks */ = {isa = PBXFileReference; lastKnownFileType = file.sks; path = Actions.sks; sourceTree = "<group>"; };
		F8A86B032C282195003C4282 /* GameScene.swift */ = {isa = PBXFileReference; lastKnownFileType = sourcecode.swift; path = GameScene.swift; sourceTree = "<group>"; };
		F8A86B042C282195003C4282 /* OutOfBound.swift */ = {isa = PBXFileReference; lastKnownFileType = sourcecode.swift; path = OutOfBound.swift; sourceTree = "<group>"; };
		F8A86B052C282195003C4282 /* Movement.swift */ = {isa = PBXFileReference; lastKnownFileType = sourcecode.swift; path = Movement.swift; sourceTree = "<group>"; };
		F8A86B062C282195003C4282 /* Handler.swift */ = {isa = PBXFileReference; lastKnownFileType = sourcecode.swift; path = Handler.swift; sourceTree = "<group>"; };
		F8A86B072C282195003C4282 /* GameScenePhysicsDelegate.swift */ = {isa = PBXFileReference; lastKnownFileType = sourcecode.swift; path = GameScenePhysicsDelegate.swift; sourceTree = "<group>"; };
		F8A86B082C282195003C4282 /* Canon_Left.swift */ = {isa = PBXFileReference; lastKnownFileType = sourcecode.swift; path = Canon_Left.swift; sourceTree = "<group>"; };
		F8A86B092C282195003C4282 /* Canon_Right.swift */ = {isa = PBXFileReference; lastKnownFileType = sourcecode.swift; path = Canon_Right.swift; sourceTree = "<group>"; };
		F8A86B0B2C282195003C4282 /* Bos.swift */ = {isa = PBXFileReference; lastKnownFileType = sourcecode.swift; path = Bos.swift; sourceTree = "<group>"; };
		F8A86B0C2C282195003C4282 /* Gendut.swift */ = {isa = PBXFileReference; lastKnownFileType = sourcecode.swift; path = Gendut.swift; sourceTree = "<group>"; };
		F8A86B0D2C282195003C4282 /* Kecil.swift */ = {isa = PBXFileReference; lastKnownFileType = sourcecode.swift; path = Kecil.swift; sourceTree = "<group>"; };
		F8A86B0F2C282195003C4282 /* SpriteKitHelper.swift */ = {isa = PBXFileReference; lastKnownFileType = sourcecode.swift; path = SpriteKitHelper.swift; sourceTree = "<group>"; };
		F8A86B102C282195003C4282 /* ViewController.swift */ = {isa = PBXFileReference; lastKnownFileType = sourcecode.swift; path = ViewController.swift; sourceTree = "<group>"; };
		F8A86B112C282195003C4282 /* Assets.xcassets */ = {isa = PBXFileReference; lastKnownFileType = folder.assetcatalog; path = Assets.xcassets; sourceTree = "<group>"; };
		F8C8218C2C2B194C00A3137E /* DisplayTextManager.swift */ = {isa = PBXFileReference; lastKnownFileType = sourcecode.swift; path = DisplayTextManager.swift; sourceTree = "<group>"; };
		F8C8218E2C2B1A0C00A3137E /* BackgroundManager.swift */ = {isa = PBXFileReference; lastKnownFileType = sourcecode.swift; path = BackgroundManager.swift; sourceTree = "<group>"; };
		F8C821902C2B1A6100A3137E /* BossHpName.swift */ = {isa = PBXFileReference; lastKnownFileType = sourcecode.swift; path = BossHpName.swift; sourceTree = "<group>"; };
		F8C821992C2B2EE600A3137E /* AudioManager.swift */ = {isa = PBXFileReference; lastKnownFileType = sourcecode.swift; path = AudioManager.swift; sourceTree = "<group>"; };
		F8C8219B2C2B30FB00A3137E /* rock-falling-010-104938.mp3 */ = {isa = PBXFileReference; lastKnownFileType = audio.mp3; path = "rock-falling-010-104938.mp3"; sourceTree = "<group>"; };
		F8D58A932C2BACCB000F3AFA /* RestartManager.swift */ = {isa = PBXFileReference; lastKnownFileType = sourcecode.swift; path = RestartManager.swift; sourceTree = "<group>"; };
		F8D58A952C2BC45A000F3AFA /* Overlay.swift */ = {isa = PBXFileReference; lastKnownFileType = sourcecode.swift; path = Overlay.swift; sourceTree = "<group>"; };
		F8D58A972C2BC9FC000F3AFA /* CollectableItem.swift */ = {isa = PBXFileReference; lastKnownFileType = sourcecode.swift; path = CollectableItem.swift; sourceTree = "<group>"; };
		F8E7CE2D2C28318F00FB8F74 /* HpProgressBar.swift */ = {isa = PBXFileReference; lastKnownFileType = sourcecode.swift; path = HpProgressBar.swift; sourceTree = "<group>"; };
/* End PBXFileReference section */

/* Begin PBXFrameworksBuildPhase section */
		273B6F642C214EB800A64CA0 /* Frameworks */ = {
			isa = PBXFrameworksBuildPhase;
			buildActionMask = 2147483647;
			files = (
			);
			runOnlyForDeploymentPostprocessing = 0;
		};
/* End PBXFrameworksBuildPhase section */

/* Begin PBXGroup section */
		273B6F5E2C214EB800A64CA0 = {
			isa = PBXGroup;
			children = (
				273B6F692C214EB800A64CA0 /* LevelOneMini2 */,
				273B6F682C214EB800A64CA0 /* Products */,
			);
			sourceTree = "<group>";
		};
		273B6F682C214EB800A64CA0 /* Products */ = {
			isa = PBXGroup;
			children = (
				273B6F672C214EB800A64CA0 /* LevelOneMini2.app */,
			);
			name = Products;
			sourceTree = "<group>";
		};
		273B6F692C214EB800A64CA0 /* LevelOneMini2 */ = {
			isa = PBXGroup;
			children = (
				F8A86B032C282195003C4282 /* GameScene.swift */,
				F8A86AFF2C282195003C4282 /* MenuScene.swift */,
				F8A86B002C282195003C4282 /* AppDelegate.swift */,
				F8C8219D2C2B30FF00A3137E /* Sound */,
				F8A86B012C282195003C4282 /* GameScene.sks */,
				F8A86B022C282195003C4282 /* Actions.sks */,
				F8C821942C2B1F3800A3137E /* Manager */,
				F8C821952C2B22AF00A3137E /* Material */,
				F8C821982C2B22CB00A3137E /* Rule */,
				F8A86B0A2C282195003C4282 /* Canon */,
				F8A86B0E2C282195003C4282 /* MainChar */,
				F8A86B0F2C282195003C4282 /* SpriteKitHelper.swift */,
				F8A86B102C282195003C4282 /* ViewController.swift */,
				F8A86B112C282195003C4282 /* Assets.xcassets */,
				273B6F762C214EB900A64CA0 /* Main.storyboard */,
				273B6F792C214EB900A64CA0 /* LevelOneMini2.entitlements */,
			);
			path = LevelOneMini2;
			sourceTree = "<group>";
		};
		F8A86B0A2C282195003C4282 /* Canon */ = {
			isa = PBXGroup;
			children = (
				F8A86B082C282195003C4282 /* Canon_Left.swift */,
				F8A86B092C282195003C4282 /* Canon_Right.swift */,
			);
			path = Canon;
			sourceTree = "<group>";
		};
		F8A86B0E2C282195003C4282 /* MainChar */ = {
			isa = PBXGroup;
			children = (
				F84553572C2A7DE4004D966A /* Minion.swift */,
				F8D58A972C2BC9FC000F3AFA /* CollectableItem.swift */,
				F8A86B0B2C282195003C4282 /* Bos.swift */,
				F8A86B0C2C282195003C4282 /* Gendut.swift */,
				F8A86B0D2C282195003C4282 /* Kecil.swift */,
			);
			path = MainChar;
			sourceTree = "<group>";
		};
		F8C821942C2B1F3800A3137E /* Manager */ = {
			isa = PBXGroup;
			children = (
				F8D58A952C2BC45A000F3AFA /* Overlay.swift */,
				F8D58A932C2BACCB000F3AFA /* RestartManager.swift */,
				F8C821992C2B2EE600A3137E /* AudioManager.swift */,
				F8678A5B2C291EBB002521C1 /* AttackManager.swift */,
				F8C8218E2C2B1A0C00A3137E /* BackgroundManager.swift */,
				F8C8218C2C2B194C00A3137E /* DisplayTextManager.swift */,
			);
			path = Manager;
			sourceTree = "<group>";
		};
		F8C821952C2B22AF00A3137E /* Material */ = {
			isa = PBXGroup;
			children = (
				F8C821902C2B1A6100A3137E /* BossHpName.swift */,
				F8E7CE2D2C28318F00FB8F74 /* HpProgressBar.swift */,
				F848446B2C286C2600BD64F4 /* Projectile.swift */,
				F845535D2C2AB7EF004D966A /* AttackFromBos.swift */,
			);
			path = Material;
			sourceTree = "<group>";
		};
		F8C821982C2B22CB00A3137E /* Rule */ = {
			isa = PBXGroup;
			children = (
				F8A86B042C282195003C4282 /* OutOfBound.swift */,
				F8A86B072C282195003C4282 /* GameScenePhysicsDelegate.swift */,
				F8A86B062C282195003C4282 /* Handler.swift */,
				F8A86B052C282195003C4282 /* Movement.swift */,
			);
			path = Rule;
			sourceTree = "<group>";
		};
		F8C8219D2C2B30FF00A3137E /* Sound */ = {
			isa = PBXGroup;
			children = (
				F8C8219B2C2B30FB00A3137E /* rock-falling-010-104938.mp3 */,
				F84553672C2B015E004D966A /* bg.mp3 */,
			);
			path = Sound;
			sourceTree = "<group>";
		};
/* End PBXGroup section */

/* Begin PBXNativeTarget section */
		273B6F662C214EB800A64CA0 /* LevelOneMini2 */ = {
			isa = PBXNativeTarget;
			buildConfigurationList = 273B6F7C2C214EB900A64CA0 /* Build configuration list for PBXNativeTarget "LevelOneMini2" */;
			buildPhases = (
				273B6F632C214EB800A64CA0 /* Sources */,
				273B6F642C214EB800A64CA0 /* Frameworks */,
				273B6F652C214EB800A64CA0 /* Resources */,
			);
			buildRules = (
			);
			dependencies = (
			);
			name = LevelOneMini2;
			productName = LevelOneMini2;
			productReference = 273B6F672C214EB800A64CA0 /* LevelOneMini2.app */;
			productType = "com.apple.product-type.application";
		};
/* End PBXNativeTarget section */

/* Begin PBXProject section */
		273B6F5F2C214EB800A64CA0 /* Project object */ = {
			isa = PBXProject;
			attributes = {
				BuildIndependentTargetsInParallel = 1;
				LastSwiftUpdateCheck = 1530;
				LastUpgradeCheck = 1600;
				TargetAttributes = {
					273B6F662C214EB800A64CA0 = {
						CreatedOnToolsVersion = 15.3;
					};
				};
			};
			buildConfigurationList = 273B6F622C214EB800A64CA0 /* Build configuration list for PBXProject "LevelOneMini2" */;
			compatibilityVersion = "Xcode 14.0";
			developmentRegion = en;
			hasScannedForEncodings = 0;
			knownRegions = (
				en,
				Base,
			);
			mainGroup = 273B6F5E2C214EB800A64CA0;
			productRefGroup = 273B6F682C214EB800A64CA0 /* Products */;
			projectDirPath = "";
			projectRoot = "";
			targets = (
				273B6F662C214EB800A64CA0 /* LevelOneMini2 */,
			);
		};
/* End PBXProject section */

/* Begin PBXResourcesBuildPhase section */
		273B6F652C214EB800A64CA0 /* Resources */ = {
			isa = PBXResourcesBuildPhase;
			buildActionMask = 2147483647;
			files = (
				F8C8219C2C2B30FB00A3137E /* rock-falling-010-104938.mp3 in Resources */,
				F84553682C2B015E004D966A /* bg.mp3 in Resources */,
				273B6F782C214EB900A64CA0 /* Base in Resources */,
				F8A86B202C282195003C4282 /* GameScene.sks in Resources */,
				F8A86B212C282195003C4282 /* Assets.xcassets in Resources */,
				F8A86B222C282195003C4282 /* Actions.sks in Resources */,
			);
			runOnlyForDeploymentPostprocessing = 0;
		};
/* End PBXResourcesBuildPhase section */

/* Begin PBXSourcesBuildPhase section */
		273B6F632C214EB800A64CA0 /* Sources */ = {
			isa = PBXSourcesBuildPhase;
			buildActionMask = 2147483647;
			files = (
				F8A86B122C282195003C4282 /* Kecil.swift in Sources */,
				F8A86B132C282195003C4282 /* GameScene.swift in Sources */,
				F8D58A962C2BC468000F3AFA /* Overlay.swift in Sources */,
				F8A86B142C282195003C4282 /* OutOfBound.swift in Sources */,
				F8C8219A2C2B2EE900A3137E /* AudioManager.swift in Sources */,
				F8A86B152C282195003C4282 /* SpriteKitHelper.swift in Sources */,
				F8A86B162C282195003C4282 /* Bos.swift in Sources */,
				F8D58A982C2BCA03000F3AFA /* CollectableItem.swift in Sources */,
				F8A86B172C282195003C4282 /* Movement.swift in Sources */,
				F8A86B182C282195003C4282 /* ViewController.swift in Sources */,
				F8E7CE2E2C28319300FB8F74 /* HpProgressBar.swift in Sources */,
				F8A86B192C282195003C4282 /* Handler.swift in Sources */,
				F8C8218D2C2B195100A3137E /* DisplayTextManager.swift in Sources */,
				F8678A5C2C291EC7002521C1 /* AttackManager.swift in Sources */,
				F8A86B1A2C282195003C4282 /* Canon_Right.swift in Sources */,
				F8A86B1B2C282195003C4282 /* AppDelegate.swift in Sources */,
				F8C821912C2B1A6A00A3137E /* BossHpName.swift in Sources */,
				F8A86B1C2C282195003C4282 /* GameScenePhysicsDelegate.swift in Sources */,
				F848446C2C286C2900BD64F4 /* Projectile.swift in Sources */,
				F8C8218F2C2B1A1100A3137E /* BackgroundManager.swift in Sources */,
				F8A86B1D2C282195003C4282 /* MenuScene.swift in Sources */,
				F845535E2C2AB7F2004D966A /* AttackFromBos.swift in Sources */,
				F8A86B1E2C282195003C4282 /* Canon_Left.swift in Sources */,
				F8A86B1F2C282195003C4282 /* Gendut.swift in Sources */,
				F84553582C2A7DE5004D966A /* Minion.swift in Sources */,
				F8D58A942C2BACCE000F3AFA /* RestartManager.swift in Sources */,
			);
			runOnlyForDeploymentPostprocessing = 0;
		};
/* End PBXSourcesBuildPhase section */

/* Begin PBXVariantGroup section */
		273B6F762C214EB900A64CA0 /* Main.storyboard */ = {
			isa = PBXVariantGroup;
			children = (
				273B6F772C214EB900A64CA0 /* Base */,
			);
			name = Main.storyboard;
			sourceTree = "<group>";
		};
/* End PBXVariantGroup section */

/* Begin XCBuildConfiguration section */
		273B6F7A2C214EB900A64CA0 /* Debug */ = {
			isa = XCBuildConfiguration;
			buildSettings = {
				ALWAYS_SEARCH_USER_PATHS = NO;
				ASSETCATALOG_COMPILER_GENERATE_SWIFT_ASSET_SYMBOL_EXTENSIONS = YES;
				CLANG_ANALYZER_NONNULL = YES;
				CLANG_ANALYZER_NUMBER_OBJECT_CONVERSION = YES_AGGRESSIVE;
				CLANG_CXX_LANGUAGE_STANDARD = "gnu++20";
				CLANG_ENABLE_MODULES = YES;
				CLANG_ENABLE_OBJC_ARC = YES;
				CLANG_ENABLE_OBJC_WEAK = YES;
				CLANG_WARN_BLOCK_CAPTURE_AUTORELEASING = YES;
				CLANG_WARN_BOOL_CONVERSION = YES;
				CLANG_WARN_COMMA = YES;
				CLANG_WARN_CONSTANT_CONVERSION = YES;
				CLANG_WARN_DEPRECATED_OBJC_IMPLEMENTATIONS = YES;
				CLANG_WARN_DIRECT_OBJC_ISA_USAGE = YES_ERROR;
				CLANG_WARN_DOCUMENTATION_COMMENTS = YES;
				CLANG_WARN_EMPTY_BODY = YES;
				CLANG_WARN_ENUM_CONVERSION = YES;
				CLANG_WARN_INFINITE_RECURSION = YES;
				CLANG_WARN_INT_CONVERSION = YES;
				CLANG_WARN_NON_LITERAL_NULL_CONVERSION = YES;
				CLANG_WARN_OBJC_IMPLICIT_RETAIN_SELF = YES;
				CLANG_WARN_OBJC_LITERAL_CONVERSION = YES;
				CLANG_WARN_OBJC_ROOT_CLASS = YES_ERROR;
				CLANG_WARN_QUOTED_INCLUDE_IN_FRAMEWORK_HEADER = YES;
				CLANG_WARN_RANGE_LOOP_ANALYSIS = YES;
				CLANG_WARN_STRICT_PROTOTYPES = YES;
				CLANG_WARN_SUSPICIOUS_MOVE = YES;
				CLANG_WARN_UNGUARDED_AVAILABILITY = YES_AGGRESSIVE;
				CLANG_WARN_UNREACHABLE_CODE = YES;
				CLANG_WARN__DUPLICATE_METHOD_MATCH = YES;
				COPY_PHASE_STRIP = NO;
				DEAD_CODE_STRIPPING = YES;
				DEBUG_INFORMATION_FORMAT = dwarf;
				ENABLE_STRICT_OBJC_MSGSEND = YES;
				ENABLE_TESTABILITY = YES;
				ENABLE_USER_SCRIPT_SANDBOXING = YES;
				GCC_C_LANGUAGE_STANDARD = gnu17;
				GCC_DYNAMIC_NO_PIC = NO;
				GCC_NO_COMMON_BLOCKS = YES;
				GCC_OPTIMIZATION_LEVEL = 0;
				GCC_PREPROCESSOR_DEFINITIONS = (
					"DEBUG=1",
					"$(inherited)",
				);
				GCC_WARN_64_TO_32_BIT_CONVERSION = YES;
				GCC_WARN_ABOUT_RETURN_TYPE = YES_ERROR;
				GCC_WARN_UNDECLARED_SELECTOR = YES;
				GCC_WARN_UNINITIALIZED_AUTOS = YES_AGGRESSIVE;
				GCC_WARN_UNUSED_FUNCTION = YES;
				GCC_WARN_UNUSED_VARIABLE = YES;
				LOCALIZATION_PREFERS_STRING_CATALOGS = YES;
				MACOSX_DEPLOYMENT_TARGET = 14.4;
				MTL_ENABLE_DEBUG_INFO = INCLUDE_SOURCE;
				MTL_FAST_MATH = YES;
				ONLY_ACTIVE_ARCH = YES;
				SDKROOT = macosx;
				SWIFT_ACTIVE_COMPILATION_CONDITIONS = "DEBUG $(inherited)";
				SWIFT_OPTIMIZATION_LEVEL = "-Onone";
			};
			name = Debug;
		};
		273B6F7B2C214EB900A64CA0 /* Release */ = {
			isa = XCBuildConfiguration;
			buildSettings = {
				ALWAYS_SEARCH_USER_PATHS = NO;
				ASSETCATALOG_COMPILER_GENERATE_SWIFT_ASSET_SYMBOL_EXTENSIONS = YES;
				CLANG_ANALYZER_NONNULL = YES;
				CLANG_ANALYZER_NUMBER_OBJECT_CONVERSION = YES_AGGRESSIVE;
				CLANG_CXX_LANGUAGE_STANDARD = "gnu++20";
				CLANG_ENABLE_MODULES = YES;
				CLANG_ENABLE_OBJC_ARC = YES;
				CLANG_ENABLE_OBJC_WEAK = YES;
				CLANG_WARN_BLOCK_CAPTURE_AUTORELEASING = YES;
				CLANG_WARN_BOOL_CONVERSION = YES;
				CLANG_WARN_COMMA = YES;
				CLANG_WARN_CONSTANT_CONVERSION = YES;
				CLANG_WARN_DEPRECATED_OBJC_IMPLEMENTATIONS = YES;
				CLANG_WARN_DIRECT_OBJC_ISA_USAGE = YES_ERROR;
				CLANG_WARN_DOCUMENTATION_COMMENTS = YES;
				CLANG_WARN_EMPTY_BODY = YES;
				CLANG_WARN_ENUM_CONVERSION = YES;
				CLANG_WARN_INFINITE_RECURSION = YES;
				CLANG_WARN_INT_CONVERSION = YES;
				CLANG_WARN_NON_LITERAL_NULL_CONVERSION = YES;
				CLANG_WARN_OBJC_IMPLICIT_RETAIN_SELF = YES;
				CLANG_WARN_OBJC_LITERAL_CONVERSION = YES;
				CLANG_WARN_OBJC_ROOT_CLASS = YES_ERROR;
				CLANG_WARN_QUOTED_INCLUDE_IN_FRAMEWORK_HEADER = YES;
				CLANG_WARN_RANGE_LOOP_ANALYSIS = YES;
				CLANG_WARN_STRICT_PROTOTYPES = YES;
				CLANG_WARN_SUSPICIOUS_MOVE = YES;
				CLANG_WARN_UNGUARDED_AVAILABILITY = YES_AGGRESSIVE;
				CLANG_WARN_UNREACHABLE_CODE = YES;
				CLANG_WARN__DUPLICATE_METHOD_MATCH = YES;
				COPY_PHASE_STRIP = NO;
				DEAD_CODE_STRIPPING = YES;
				DEBUG_INFORMATION_FORMAT = "dwarf-with-dsym";
				ENABLE_NS_ASSERTIONS = NO;
				ENABLE_STRICT_OBJC_MSGSEND = YES;
				ENABLE_USER_SCRIPT_SANDBOXING = YES;
				GCC_C_LANGUAGE_STANDARD = gnu17;
				GCC_NO_COMMON_BLOCKS = YES;
				GCC_WARN_64_TO_32_BIT_CONVERSION = YES;
				GCC_WARN_ABOUT_RETURN_TYPE = YES_ERROR;
				GCC_WARN_UNDECLARED_SELECTOR = YES;
				GCC_WARN_UNINITIALIZED_AUTOS = YES_AGGRESSIVE;
				GCC_WARN_UNUSED_FUNCTION = YES;
				GCC_WARN_UNUSED_VARIABLE = YES;
				LOCALIZATION_PREFERS_STRING_CATALOGS = YES;
				MACOSX_DEPLOYMENT_TARGET = 14.4;
				MTL_ENABLE_DEBUG_INFO = NO;
				MTL_FAST_MATH = YES;
				SDKROOT = macosx;
				SWIFT_COMPILATION_MODE = wholemodule;
			};
			name = Release;
		};
		273B6F7D2C214EB900A64CA0 /* Debug */ = {
			isa = XCBuildConfiguration;
			buildSettings = {
				ASSETCATALOG_COMPILER_APPICON_NAME = AppIcon;
				ASSETCATALOG_COMPILER_GLOBAL_ACCENT_COLOR_NAME = AccentColor;
				CODE_SIGN_ENTITLEMENTS = LevelOneMini2/LevelOneMini2.entitlements;
				CODE_SIGN_STYLE = Automatic;
				COMBINE_HIDPI_IMAGES = YES;
				CURRENT_PROJECT_VERSION = 1;
				DEAD_CODE_STRIPPING = YES;
				DEVELOPMENT_TEAM = FSN9NYGU93;
				ENABLE_HARDENED_RUNTIME = YES;
				GENERATE_INFOPLIST_FILE = YES;
				INFOPLIST_KEY_NSHumanReadableCopyright = "";
				INFOPLIST_KEY_NSMainStoryboardFile = Main;
				INFOPLIST_KEY_NSPrincipalClass = NSApplication;
				LD_RUNPATH_SEARCH_PATHS = (
					"$(inherited)",
					"@executable_path/../Frameworks",
				);
				MARKETING_VERSION = 1.0;
				PRODUCT_BUNDLE_IDENTIFIER = com.goku.LevelOneMini2;
				PRODUCT_NAME = "$(TARGET_NAME)";
				SWIFT_EMIT_LOC_STRINGS = YES;
				SWIFT_VERSION = 5.0;
			};
			name = Debug;
		};
		273B6F7E2C214EB900A64CA0 /* Release */ = {
			isa = XCBuildConfiguration;
			buildSettings = {
				ASSETCATALOG_COMPILER_APPICON_NAME = AppIcon;
				ASSETCATALOG_COMPILER_GLOBAL_ACCENT_COLOR_NAME = AccentColor;
				CODE_SIGN_ENTITLEMENTS = LevelOneMini2/LevelOneMini2.entitlements;
				CODE_SIGN_STYLE = Automatic;
				COMBINE_HIDPI_IMAGES = YES;
				CURRENT_PROJECT_VERSION = 1;
				DEAD_CODE_STRIPPING = YES;
				DEVELOPMENT_TEAM = FSN9NYGU93;
				ENABLE_HARDENED_RUNTIME = YES;
				GENERATE_INFOPLIST_FILE = YES;
				INFOPLIST_KEY_NSHumanReadableCopyright = "";
				INFOPLIST_KEY_NSMainStoryboardFile = Main;
				INFOPLIST_KEY_NSPrincipalClass = NSApplication;
				LD_RUNPATH_SEARCH_PATHS = (
					"$(inherited)",
					"@executable_path/../Frameworks",
				);
				MARKETING_VERSION = 1.0;
				PRODUCT_BUNDLE_IDENTIFIER = com.goku.LevelOneMini2;
				PRODUCT_NAME = "$(TARGET_NAME)";
				SWIFT_EMIT_LOC_STRINGS = YES;
				SWIFT_VERSION = 5.0;
			};
			name = Release;
		};
/* End XCBuildConfiguration section */

/* Begin XCConfigurationList section */
		273B6F622C214EB800A64CA0 /* Build configuration list for PBXProject "LevelOneMini2" */ = {
			isa = XCConfigurationList;
			buildConfigurations = (
				273B6F7A2C214EB900A64CA0 /* Debug */,
				273B6F7B2C214EB900A64CA0 /* Release */,
			);
			defaultConfigurationIsVisible = 0;
			defaultConfigurationName = Release;
		};
		273B6F7C2C214EB900A64CA0 /* Build configuration list for PBXNativeTarget "LevelOneMini2" */ = {
			isa = XCConfigurationList;
			buildConfigurations = (
				273B6F7D2C214EB900A64CA0 /* Debug */,
				273B6F7E2C214EB900A64CA0 /* Release */,
			);
			defaultConfigurationIsVisible = 0;
			defaultConfigurationName = Release;
		};
/* End XCConfigurationList section */
	};
	rootObject = 273B6F5F2C214EB800A64CA0 /* Project object */;
}
